
Microsoft Visual Studio Solution File, Format Version 11.00
# Visual Studio 2010
Project("{8BC9CEB8-8B4A-11D0-8D11-00A0C91BC942}") = "FINDX", "FINDX\FINDX.vcxproj", "{BD895FE1-8EF2-4C5E-B2EE-2E7A8D0499DE}"
EndProject
Global
	GlobalSection(SolutionConfigurationPlatforms) = preSolution
		Debug|Win32 = Debug|Win32
		Release|Win32 = Release|Win32
	EndGlobalSection
	GlobalSection(ProjectConfigurationPlatforms) = postSolution
		{BD895FE1-8EF2-4C5E-B2EE-2E7A8D0499DE}.Debug|Win32.ActiveCfg = Debug|Win32
		{BD895FE1-8EF2-4C5E-B2EE-2E7A8D0499DE}.Debug|Win32.Build.0 = Debug|Win32
		{BD895FE1-8EF2-4C5E-B2EE-2E7A8D0499DE}.Release|Win32.ActiveCfg = Release|Win32
		{BD895FE1-8EF2-4C5E-B2EE-2E7A8D0499DE}.Release|Win32.Build.0 = Release|Win32
	EndGlobalSection
	GlobalSection(SolutionProperties) = preSolution
		HideSolutionNode = FALSE
	EndGlobalSection
EndGlobal
